
Microsoft Visual Studio Solution File, Format Version 12.00
# Visual Studio 15
VisualStudioVersion = 15.0.28307.102
MinimumVisualStudioVersion = 10.0.40219.1
Project("{FAE04EC0-301F-11D3-BF4B-00C04F79EFBC}") = "nlove_inclass03", "nlove_inclass03\nlove_inclass03.csproj", "{81ADCD70-92F8-46D9-BB51-3F12CC653288}"
EndProject
Global
	GlobalSection(SolutionConfigurationPlatforms) = preSolution
		Debug|Any CPU = Debug|Any CPU
		Release|Any CPU = Release|Any CPU
	EndGlobalSection
	GlobalSection(ProjectConfigurationPlatforms) = postSolution
		{81ADCD70-92F8-46D9-BB51-3F12CC653288}.Debug|Any CPU.ActiveCfg = Debug|Any CPU
		{81ADCD70-92F8-46D9-BB51-3F12CC653288}.Debug|Any CPU.Build.0 = Debug|Any CPU
		{81ADCD70-92F8-46D9-BB51-3F12CC653288}.Release|Any CPU.ActiveCfg = Release|Any CPU
		{81ADCD70-92F8-46D9-BB51-3F12CC653288}.Release|Any CPU.Build.0 = Release|Any CPU
	EndGlobalSection
	GlobalSection(SolutionProperties) = preSolution
		HideSolutionNode = FALSE
	EndGlobalSection
	GlobalSection(ExtensibilityGlobals) = postSolution
		SolutionGuid = {3BF69BEB-FF50-443D-9F4C-B331C22A6E3E}
	EndGlobalSection
EndGlobal
